
Microsoft Visual Studio Solution File, Format Version 12.00
# Visual Studio Version 17
VisualStudioVersion = 17.14.36221.1 d17.14
MinimumVisualStudioVersion = 10.0.40219.1
Project("{FAE04EC0-301F-11D3-BF4B-00C04F79EFBC}") = "Assignment_3.4", "Assignment_3.4.csproj", "{158892AD-E7CA-4283-ADD0-DB6E8C64D6BD}"
EndProject
Global
	GlobalSection(SolutionConfigurationPlatforms) = preSolution
		Debug|Any CPU = Debug|Any CPU
		Release|Any CPU = Release|Any CPU
	EndGlobalSection
	GlobalSection(ProjectConfigurationPlatforms) = postSolution
		{158892AD-E7CA-4283-ADD0-DB6E8C64D6BD}.Debug|Any CPU.ActiveCfg = Debug|Any CPU
		{158892AD-E7CA-4283-ADD0-DB6E8C64D6BD}.Debug|Any CPU.Build.0 = Debug|Any CPU
		{158892AD-E7CA-4283-ADD0-DB6E8C64D6BD}.Release|Any CPU.ActiveCfg = Release|Any CPU
		{158892AD-E7CA-4283-ADD0-DB6E8C64D6BD}.Release|Any CPU.Build.0 = Release|Any CPU
	EndGlobalSection
	GlobalSection(SolutionProperties) = preSolution
		HideSolutionNode = FALSE
	EndGlobalSection
	GlobalSection(ExtensibilityGlobals) = postSolution
		SolutionGuid = {5F311731-944E-49DE-9AAF-E4C30A159302}
	EndGlobalSection
EndGlobal
